dependencies:
- name: argo-cd
  repository: https://argoproj.github.io/argo-helm
  version: 6.7.11
- name: argocd-apps
  repository: https://argoproj.github.io/argo-helm
  version: 1.6.2
- name: argocd-image-updater
  repository: https://argoproj.github.io/argo-helm
  version: 0.11.0
digest: sha256:72d48c34626c6749ad6e559d366393dd12e40b8d6e79b9d81376f1046b4321eb
generated: "2024-09-06T15:17:10.781864674Z"
