dependencies:
- name: argo-cd
  repository: https://argoproj.github.io/argo-helm
  version: 7.6.10
- name: argocd-apps
  repository: https://argoproj.github.io/argo-helm
  version: 2.0.2
- name: argocd-image-updater
  repository: https://argoproj.github.io/argo-helm
  version: 0.11.0
digest: sha256:e1bbb5225de7fbb23aff8e5fad831e320cd0bc4fedcd20758b7c2d7c9b246991
generated: "2024-10-17T02:47:51.875621335Z"
