dependencies:
- name: argo-cd
  repository: https://argoproj.github.io/argo-helm
  version: 7.5.2
- name: argocd-apps
  repository: https://argoproj.github.io/argo-helm
  version: 2.0.2
- name: argocd-image-updater
  repository: https://argoproj.github.io/argo-helm
  version: 0.11.1
digest: sha256:1f955f0e74cafe164e6373b51e6616ad5b98685c717731d73071b3f58a68955e
generated: "2024-10-30T11:26:31.914746136Z"
