dependencies:
- name: argo-cd
  repository: https://argoproj.github.io/argo-helm
  version: 5.51.6
- name: argocd-apps
  repository: https://argoproj.github.io/argo-helm
  version: 1.4.1
- name: argocd-image-updater
  repository: https://argoproj.github.io/argo-helm
  version: 0.9.1
digest: sha256:ac4c3fc0817806ac77315731c6d5a40a97512004432558fa53831692feaffd0a
generated: "2023-12-02T15:59:45.720211845+01:00"
