dependencies:
- name: argo-cd
  repository: https://argoproj.github.io/argo-helm
  version: 6.0.3
- name: argocd-apps
  repository: https://argoproj.github.io/argo-helm
  version: 1.6.1
- name: argocd-image-updater
  repository: https://argoproj.github.io/argo-helm
  version: 0.9.3
digest: sha256:50d343f062f4bd7a6cf0b6526a6558479ef20a8cf8819a918e0413d55268fb1c
generated: "2024-02-09T10:05:56.171664371+01:00"
