dependencies:
- name: argo-cd
  repository: https://argoproj.github.io/argo-helm
  version: 6.7.11
- name: argocd-apps
  repository: https://argoproj.github.io/argo-helm
  version: 1.4.1
- name: argocd-image-updater
  repository: https://argoproj.github.io/argo-helm
  version: 0.9.1
digest: sha256:7d142893ffcbee749048e16eb47f4c16a607befc65e5bf9e6ba831199a8df552
generated: "2024-04-15T09:35:57.117615502Z"
