dependencies:
- name: argo-cd
  repository: https://argoproj.github.io/argo-helm
  version: 6.7.5
- name: argocd-apps
  repository: https://argoproj.github.io/argo-helm
  version: 2.0.0
- name: argocd-image-updater
  repository: https://argoproj.github.io/argo-helm
  version: 0.9.6
digest: sha256:6e5de1b310314d761068ebfdc0c82a3ff3c3ddc737238ad9cadafa996bc343cc
generated: "2024-04-15T09:36:40.527810057Z"
