dependencies:
- name: argo-cd
  repository: https://argoproj.github.io/argo-helm
  version: 6.7.3
- name: argocd-apps
  repository: https://argoproj.github.io/argo-helm
  version: 1.6.1
- name: argocd-image-updater
  repository: https://argoproj.github.io/argo-helm
  version: 0.9.3
digest: sha256:d0acd992105138031a397badc569b12cb5c2a8ffb3097f746de86792f24e317c
generated: "2024-03-23T18:51:31.227486326+01:00"
